
Microsoft Visual Studio Solution File, Format Version 12.00
# Visual Studio 15
VisualStudioVersion = 15.0.28307.136
MinimumVisualStudioVersion = 10.0.40219.1
Project("{9A19103F-16F7-4668-BE54-9A1E7A4F7556}") = "NasGrad.API", "NasGrad.API\NasGrad.API.csproj", "{15F89B5E-6B52-4F66-8D25-D6A8240BAA62}"
EndProject
Project("{9A19103F-16F7-4668-BE54-9A1E7A4F7556}") = "NasGrad.Web", "NasGrad.Web\NasGrad.Web.csproj", "{ECDFF1D7-2D7B-41E8-8FDC-249AB5530BDC}"
EndProject
Project("{9A19103F-16F7-4668-BE54-9A1E7A4F7556}") = "NasGrad.DBEngine", "NasGrad.DBEngine\NasGrad.DBEngine.csproj", "{B6ED31F1-61DD-4E92-B919-B4FC176DF618}"
EndProject
Project("{9A19103F-16F7-4668-BE54-9A1E7A4F7556}") = "DbInitializer", "DbInitializer\DbInitializer.csproj", "{DA2D67A4-6DE0-4256-9634-A92A4E8547B1}"
EndProject
Project("{E53339B2-1760-4266-BCC7-CA923CBCF16C}") = "docker-compose", "docker-compose.dcproj", "{FCE8AEC5-548C-4910-B77D-AE10E94751FC}"
EndProject
Project("{FAE04EC0-301F-11D3-BF4B-00C04F79EFBC}") = "NasGrad.Common", "NasGrad.Common\NasGrad.Common.csproj", "{E3F5F7A7-A529-4415-A25F-DB805E4D9BBE}"
EndProject
Global
	GlobalSection(SolutionConfigurationPlatforms) = preSolution
		Debug|Any CPU = Debug|Any CPU
		Release|Any CPU = Release|Any CPU
	EndGlobalSection
	GlobalSection(ProjectConfigurationPlatforms) = postSolution
		{15F89B5E-6B52-4F66-8D25-D6A8240BAA62}.Debug|Any CPU.ActiveCfg = Debug|Any CPU
		{15F89B5E-6B52-4F66-8D25-D6A8240BAA62}.Debug|Any CPU.Build.0 = Debug|Any CPU
		{15F89B5E-6B52-4F66-8D25-D6A8240BAA62}.Release|Any CPU.ActiveCfg = Release|Any CPU
		{15F89B5E-6B52-4F66-8D25-D6A8240BAA62}.Release|Any CPU.Build.0 = Release|Any CPU
		{ECDFF1D7-2D7B-41E8-8FDC-249AB5530BDC}.Debug|Any CPU.ActiveCfg = Debug|Any CPU
		{ECDFF1D7-2D7B-41E8-8FDC-249AB5530BDC}.Debug|Any CPU.Build.0 = Debug|Any CPU
		{ECDFF1D7-2D7B-41E8-8FDC-249AB5530BDC}.Release|Any CPU.ActiveCfg = Release|Any CPU
		{ECDFF1D7-2D7B-41E8-8FDC-249AB5530BDC}.Release|Any CPU.Build.0 = Release|Any CPU
		{B6ED31F1-61DD-4E92-B919-B4FC176DF618}.Debug|Any CPU.ActiveCfg = Debug|Any CPU
		{B6ED31F1-61DD-4E92-B919-B4FC176DF618}.Debug|Any CPU.Build.0 = Debug|Any CPU
		{B6ED31F1-61DD-4E92-B919-B4FC176DF618}.Release|Any CPU.ActiveCfg = Release|Any CPU
		{B6ED31F1-61DD-4E92-B919-B4FC176DF618}.Release|Any CPU.Build.0 = Release|Any CPU
		{DA2D67A4-6DE0-4256-9634-A92A4E8547B1}.Debug|Any CPU.ActiveCfg = Debug|Any CPU
		{DA2D67A4-6DE0-4256-9634-A92A4E8547B1}.Debug|Any CPU.Build.0 = Debug|Any CPU
		{DA2D67A4-6DE0-4256-9634-A92A4E8547B1}.Release|Any CPU.ActiveCfg = Release|Any CPU
		{DA2D67A4-6DE0-4256-9634-A92A4E8547B1}.Release|Any CPU.Build.0 = Release|Any CPU
		{FCE8AEC5-548C-4910-B77D-AE10E94751FC}.Debug|Any CPU.ActiveCfg = Debug|Any CPU
		{FCE8AEC5-548C-4910-B77D-AE10E94751FC}.Debug|Any CPU.Build.0 = Debug|Any CPU
		{FCE8AEC5-548C-4910-B77D-AE10E94751FC}.Release|Any CPU.ActiveCfg = Release|Any CPU
		{FCE8AEC5-548C-4910-B77D-AE10E94751FC}.Release|Any CPU.Build.0 = Release|Any CPU
		{E3F5F7A7-A529-4415-A25F-DB805E4D9BBE}.Debug|Any CPU.ActiveCfg = Debug|Any CPU
		{E3F5F7A7-A529-4415-A25F-DB805E4D9BBE}.Debug|Any CPU.Build.0 = Debug|Any CPU
		{E3F5F7A7-A529-4415-A25F-DB805E4D9BBE}.Release|Any CPU.ActiveCfg = Release|Any CPU
		{E3F5F7A7-A529-4415-A25F-DB805E4D9BBE}.Release|Any CPU.Build.0 = Release|Any CPU
	EndGlobalSection
	GlobalSection(SolutionProperties) = preSolution
		HideSolutionNode = FALSE
	EndGlobalSection
	GlobalSection(ExtensibilityGlobals) = postSolution
		SolutionGuid = {4A272827-E5AB-4C2B-B020-72C40A34C199}
	EndGlobalSection
EndGlobal
